
Microsoft Visual Studio Solution File, Format Version 12.00
# Visual Studio Version 16
VisualStudioVersion = 16.0.29215.179
MinimumVisualStudioVersion = 10.0.40219.1
Project("{FAE04EC0-301F-11D3-BF4B-00C04F79EFBC}") = "ContosoUni", "ContosoUni.csproj", "{0665317D-4786-4B41-B2AD-94CE45C4935B}"
EndProject
Global
	GlobalSection(SolutionConfigurationPlatforms) = preSolution
		Debug|Any CPU = Debug|Any CPU
		Release|Any CPU = Release|Any CPU
	EndGlobalSection
	GlobalSection(ProjectConfigurationPlatforms) = postSolution
		{0665317D-4786-4B41-B2AD-94CE45C4935B}.Debug|Any CPU.ActiveCfg = Debug|Any CPU
		{0665317D-4786-4B41-B2AD-94CE45C4935B}.Debug|Any CPU.Build.0 = Debug|Any CPU
		{0665317D-4786-4B41-B2AD-94CE45C4935B}.Release|Any CPU.ActiveCfg = Release|Any CPU
		{0665317D-4786-4B41-B2AD-94CE45C4935B}.Release|Any CPU.Build.0 = Release|Any CPU
	EndGlobalSection
	GlobalSection(SolutionProperties) = preSolution
		HideSolutionNode = FALSE
	EndGlobalSection
	GlobalSection(ExtensibilityGlobals) = postSolution
		SolutionGuid = {A21FE078-28A5-4921-B5B0-F26B978EA553}
	EndGlobalSection
EndGlobal
